// !$*UTF8*$!
{
	archiveVersion = 1;
	classes = {
	};
	objectVersion = 77;
	objects = {

/* Begin PBXBuildFile section */
		A99A50672DE0C8E900AAED02 /* .gitignore in Resources */ = {isa = PBXBuildFile; fileRef = A99A50662DE0C8DF00AAED02 /* .gitignore */; };
		A99C9ACA2E16CB3C00B0B126 /* TaskStoreFormattingTests.swift in Sources */ = {isa = PBXBuildFile; fileRef = A99C9AC62E16CB3C00B0B126 /* TaskStoreFormattingTests.swift */; };
		A99C9ACB2E16CB3C00B0B126 /* TaskStoreBasicTests.swift in Sources */ = {isa = PBXBuildFile; fileRef = A99C9AC52E16CB3C00B0B126 /* TaskStoreBasicTests.swift */; };
		A99C9ACC2E16CB3C00B0B126 /* TaskStorePersistenceTests.swift in Sources */ = {isa = PBXBuildFile; fileRef = A99C9AC72E16CB3C00B0B126 /* TaskStorePersistenceTests.swift */; };
		A99C9ACD2E16CB3C00B0B126 /* TaskStoreTimerTests.swift in Sources */ = {isa = PBXBuildFile; fileRef = A99C9AC82E16CB3C00B0B126 /* TaskStoreTimerTests.swift */; };
		A99C9ACE2E16CB3C00B0B126 /* TaskStoreUITests.swift in Sources */ = {isa = PBXBuildFile; fileRef = A99C9AC92E16CB3C00B0B126 /* TaskStoreUITests.swift */; };
		A9CTESTS12345678901234567 /* TaskTests.swift in Sources */ = {isa = PBXBuildFile; fileRef = A9CTESTS12345678901234568 /* TaskTests.swift */; };
		A9DF703C2E4B217B00465749 /* TaskStoreClipboardTests.swift in Sources */ = {isa = PBXBuildFile; fileRef = A9DF703B2E4B217B00465749 /* TaskStoreClipboardTests.swift */; };
/* End PBXBuildFile section */

/* Begin PBXContainerItemProxy section */
		A9CTESTS12345678901234571 /* PBXContainerItemProxy */ = {
			isa = PBXContainerItemProxy;
			containerPortal = A99A504E2DDF3D7300AAED02 /* Project object */;
			proxyType = 1;
			remoteGlobalIDString = A99A50552DDF3D7300AAED02;
			remoteInfo = ClipTimer;
		};
/* End PBXContainerItemProxy section */

/* Begin PBXFileReference section */
		A99A50562DDF3D7300AAED02 /* ClipTimer.app */ = {isa = PBXFileReference; explicitFileType = wrapper.application; includeInIndex = 0; path = ClipTimer.app; sourceTree = BUILT_PRODUCTS_DIR; };
		A99A50662DE0C8DF00AAED02 /* .gitignore */ = {isa = PBXFileReference; lastKnownFileType = text; path = .gitignore; sourceTree = "<group>"; };
		A99C9AC52E16CB3C00B0B126 /* TaskStoreBasicTests.swift */ = {isa = PBXFileReference; lastKnownFileType = sourcecode.swift; path = TaskStoreBasicTests.swift; sourceTree = "<group>"; };
		A99C9AC62E16CB3C00B0B126 /* TaskStoreFormattingTests.swift */ = {isa = PBXFileReference; lastKnownFileType = sourcecode.swift; path = TaskStoreFormattingTests.swift; sourceTree = "<group>"; };
		A99C9AC72E16CB3C00B0B126 /* TaskStorePersistenceTests.swift */ = {isa = PBXFileReference; lastKnownFileType = sourcecode.swift; path = TaskStorePersistenceTests.swift; sourceTree = "<group>"; };
		A99C9AC82E16CB3C00B0B126 /* TaskStoreTimerTests.swift */ = {isa = PBXFileReference; lastKnownFileType = sourcecode.swift; path = TaskStoreTimerTests.swift; sourceTree = "<group>"; };
		A99C9AC92E16CB3C00B0B126 /* TaskStoreUITests.swift */ = {isa = PBXFileReference; lastKnownFileType = sourcecode.swift; path = TaskStoreUITests.swift; sourceTree = "<group>"; };
		A9CTESTS12345678901234568 /* TaskTests.swift */ = {isa = PBXFileReference; lastKnownFileType = sourcecode.swift; path = TaskTests.swift; sourceTree = "<group>"; };
		A9CTESTS12345678901234572 /* ClipTimerTests.xctest */ = {isa = PBXFileReference; explicitFileType = wrapper.cfbundle; includeInIndex = 0; path = ClipTimerTests.xctest; sourceTree = BUILT_PRODUCTS_DIR; };
		A9DF703B2E4B217B00465749 /* TaskStoreClipboardTests.swift */ = {isa = PBXFileReference; lastKnownFileType = sourcecode.swift; path = TaskStoreClipboardTests.swift; sourceTree = "<group>"; };
/* End PBXFileReference section */

/* Begin PBXFileSystemSynchronizedBuildFileExceptionSet section */
		A9DCF8492DF762D900D5B330 /* Exceptions for "ClipTimer" folder in "ClipTimer" target */ = {
			isa = PBXFileSystemSynchronizedBuildFileExceptionSet;
			membershipExceptions = (
				ClipTimer.xctestplan,
				Info.plist,
			);
			target = A99A50552DDF3D7300AAED02 /* ClipTimer */;
		};
/* End PBXFileSystemSynchronizedBuildFileExceptionSet section */

/* Begin PBXFileSystemSynchronizedRootGroup section */
		A99A50582DDF3D7300AAED02 /* ClipTimer */ = {
			isa = PBXFileSystemSynchronizedRootGroup;
			exceptions = (
				A9DCF8492DF762D900D5B330 /* Exceptions for "ClipTimer" folder in "ClipTimer" target */,
			);
			path = ClipTimer;
			sourceTree = "<group>";
		};
/* End PBXFileSystemSynchronizedRootGroup section */

/* Begin PBXFrameworksBuildPhase section */
		A99A50532DDF3D7300AAED02 /* Frameworks */ = {
			isa = PBXFrameworksBuildPhase;
			buildActionMask = 2147483647;
			files = (
			);
			runOnlyForDeploymentPostprocessing = 0;
		};
		A9CTESTS12345678901234573 /* Frameworks */ = {
			isa = PBXFrameworksBuildPhase;
			buildActionMask = 2147483647;
			files = (
			);
			runOnlyForDeploymentPostprocessing = 0;
		};
/* End PBXFrameworksBuildPhase section */

/* Begin PBXGroup section */
		A99A504D2DDF3D7300AAED02 = {
			isa = PBXGroup;
			children = (
				A99A50662DE0C8DF00AAED02 /* .gitignore */,
				A99A50582DDF3D7300AAED02 /* ClipTimer */,
				A9CTESTS12345678901234574 /* ClipTimerTests */,
				A99A50572DDF3D7300AAED02 /* Products */,
			);
			sourceTree = "<group>";
		};
		A99A50572DDF3D7300AAED02 /* Products */ = {
			isa = PBXGroup;
			children = (
				A99A50562DDF3D7300AAED02 /* ClipTimer.app */,
				A9CTESTS12345678901234572 /* ClipTimerTests.xctest */,
			);
			name = Products;
			sourceTree = "<group>";
		};
		A9CTESTS12345678901234574 /* ClipTimerTests */ = {
			isa = PBXGroup;
			children = (
				A9DF703B2E4B217B00465749 /* TaskStoreClipboardTests.swift */,
				A99C9AC52E16CB3C00B0B126 /* TaskStoreBasicTests.swift */,
				A99C9AC62E16CB3C00B0B126 /* TaskStoreFormattingTests.swift */,
				A99C9AC72E16CB3C00B0B126 /* TaskStorePersistenceTests.swift */,
				A99C9AC82E16CB3C00B0B126 /* TaskStoreTimerTests.swift */,
				A99C9AC92E16CB3C00B0B126 /* TaskStoreUITests.swift */,
				A9CTESTS12345678901234568 /* TaskTests.swift */,
			);
			path = ClipTimerTests;
			sourceTree = "<group>";
		};
/* End PBXGroup section */

/* Begin PBXNativeTarget section */
		A99A50552DDF3D7300AAED02 /* ClipTimer */ = {
			isa = PBXNativeTarget;
			buildConfigurationList = A99A50622DDF3D7500AAED02 /* Build configuration list for PBXNativeTarget "ClipTimer" */;
			buildPhases = (
				A99A50522DDF3D7300AAED02 /* Sources */,
				A99A50532DDF3D7300AAED02 /* Frameworks */,
				A99A50542DDF3D7300AAED02 /* Resources */,
			);
			buildRules = (
			);
			dependencies = (
			);
			fileSystemSynchronizedGroups = (
				A99A50582DDF3D7300AAED02 /* ClipTimer */,
			);
			name = ClipTimer;
			packageProductDependencies = (
			);
			productName = ClipTimer;
			productReference = A99A50562DDF3D7300AAED02 /* ClipTimer.app */;
			productType = "com.apple.product-type.application";
		};
		A9CTESTS12345678901234575 /* ClipTimerTests */ = {
			isa = PBXNativeTarget;
			buildConfigurationList = A9CTESTS12345678901234576 /* Build configuration list for PBXNativeTarget "ClipTimerTests" */;
			buildPhases = (
				A9CTESTS12345678901234577 /* Sources */,
				A9CTESTS12345678901234573 /* Frameworks */,
				A9CTESTS12345678901234578 /* Resources */,
			);
			buildRules = (
			);
			dependencies = (
				A9CTESTS12345678901234579 /* PBXTargetDependency */,
			);
			name = ClipTimerTests;
			productName = ClipTimerTests;
			productReference = A9CTESTS12345678901234572 /* ClipTimerTests.xctest */;
			productType = "com.apple.product-type.bundle.unit-test";
		};
/* End PBXNativeTarget section */

/* Begin PBXProject section */
		A99A504E2DDF3D7300AAED02 /* Project object */ = {
			isa = PBXProject;
			attributes = {
				BuildIndependentTargetsInParallel = 1;
				LastSwiftUpdateCheck = 1630;
				LastUpgradeCheck = 1640;
				TargetAttributes = {
					A99A50552DDF3D7300AAED02 = {
						CreatedOnToolsVersion = 16.3;
					};
					A9CTESTS12345678901234575 = {
						CreatedOnToolsVersion = 16.3;
						TestTargetID = A99A50552DDF3D7300AAED02;
					};
				};
			};
			buildConfigurationList = A99A50512DDF3D7300AAED02 /* Build configuration list for PBXProject "ClipTimer" */;
			developmentRegion = en;
			hasScannedForEncodings = 0;
			knownRegions = (
				en,
				Base,
				es,
			);
			mainGroup = A99A504D2DDF3D7300AAED02;
			minimizedProjectReferenceProxies = 1;
			preferredProjectObjectVersion = 77;
			productRefGroup = A99A50572DDF3D7300AAED02 /* Products */;
			projectDirPath = "";
			projectRoot = "";
			targets = (
				A99A50552DDF3D7300AAED02 /* ClipTimer */,
				A9CTESTS12345678901234575 /* ClipTimerTests */,
			);
		};
/* End PBXProject section */

/* Begin PBXResourcesBuildPhase section */
		A99A50542DDF3D7300AAED02 /* Resources */ = {
			isa = PBXResourcesBuildPhase;
			buildActionMask = 2147483647;
			files = (
				A99A50672DE0C8E900AAED02 /* .gitignore in Resources */,
			);
			runOnlyForDeploymentPostprocessing = 0;
		};
		A9CTESTS12345678901234578 /* Resources */ = {
			isa = PBXResourcesBuildPhase;
			buildActionMask = 2147483647;
			files = (
			);
			runOnlyForDeploymentPostprocessing = 0;
		};
/* End PBXResourcesBuildPhase section */

/* Begin PBXSourcesBuildPhase section */
		A99A50522DDF3D7300AAED02 /* Sources */ = {
			isa = PBXSourcesBuildPhase;
			buildActionMask = 2147483647;
			files = (
			);
			runOnlyForDeploymentPostprocessing = 0;
		};
		A9CTESTS12345678901234577 /* Sources */ = {
			isa = PBXSourcesBuildPhase;
			buildActionMask = 2147483647;
			files = (
				A9CTESTS12345678901234567 /* TaskTests.swift in Sources */,
				A99C9ACA2E16CB3C00B0B126 /* TaskStoreFormattingTests.swift in Sources */,
				A99C9ACB2E16CB3C00B0B126 /* TaskStoreBasicTests.swift in Sources */,
				A9DF703C2E4B217B00465749 /* TaskStoreClipboardTests.swift in Sources */,
				A99C9ACC2E16CB3C00B0B126 /* TaskStorePersistenceTests.swift in Sources */,
				A99C9ACD2E16CB3C00B0B126 /* TaskStoreTimerTests.swift in Sources */,
				A99C9ACE2E16CB3C00B0B126 /* TaskStoreUITests.swift in Sources */,
			);
			runOnlyForDeploymentPostprocessing = 0;
		};
/* End PBXSourcesBuildPhase section */

/* Begin PBXTargetDependency section */
		A9CTESTS12345678901234579 /* PBXTargetDependency */ = {
			isa = PBXTargetDependency;
			target = A99A50552DDF3D7300AAED02 /* ClipTimer */;
			targetProxy = A9CTESTS12345678901234571 /* PBXContainerItemProxy */;
		};
/* End PBXTargetDependency section */

/* Begin XCBuildConfiguration section */
		A99A50602DDF3D7500AAED02 /* Debug */ = {
			isa = XCBuildConfiguration;
			buildSettings = {
				ALWAYS_SEARCH_USER_PATHS = NO;
				ASSETCATALOG_COMPILER_GENERATE_SWIFT_ASSET_SYMBOL_EXTENSIONS = YES;
				CLANG_ANALYZER_NONNULL = YES;
				CLANG_ANALYZER_NUMBER_OBJECT_CONVERSION = YES_AGGRESSIVE;
				CLANG_CXX_LANGUAGE_STANDARD = "gnu++20";
				CLANG_ENABLE_MODULES = YES;
				CLANG_ENABLE_OBJC_ARC = YES;
				CLANG_ENABLE_OBJC_WEAK = YES;
				CLANG_WARN_BLOCK_CAPTURE_AUTORELEASING = YES;
				CLANG_WARN_BOOL_CONVERSION = YES;
				CLANG_WARN_COMMA = YES;
				CLANG_WARN_CONSTANT_CONVERSION = YES;
				CLANG_WARN_DEPRECATED_OBJC_IMPLEMENTATIONS = YES;
				CLANG_WARN_DIRECT_OBJC_ISA_USAGE = YES_ERROR;
				CLANG_WARN_DOCUMENTATION_COMMENTS = YES;
				CLANG_WARN_EMPTY_BODY = YES;
				CLANG_WARN_ENUM_CONVERSION = YES;
				CLANG_WARN_INFINITE_RECURSION = YES;
				CLANG_WARN_INT_CONVERSION = YES;
				CLANG_WARN_NON_LITERAL_NULL_CONVERSION = YES;
				CLANG_WARN_OBJC_IMPLICIT_RETAIN_SELF = YES;
				CLANG_WARN_OBJC_LITERAL_CONVERSION = YES;
				CLANG_WARN_OBJC_ROOT_CLASS = YES_ERROR;
				CLANG_WARN_QUOTED_INCLUDE_IN_FRAMEWORK_HEADER = YES;
				CLANG_WARN_RANGE_LOOP_ANALYSIS = YES;
				CLANG_WARN_STRICT_PROTOTYPES = YES;
				CLANG_WARN_SUSPICIOUS_MOVE = YES;
				CLANG_WARN_UNGUARDED_AVAILABILITY = YES_AGGRESSIVE;
				CLANG_WARN_UNREACHABLE_CODE = YES;
				CLANG_WARN__DUPLICATE_METHOD_MATCH = YES;
				COPY_PHASE_STRIP = NO;
				DEAD_CODE_STRIPPING = YES;
				DEBUG_INFORMATION_FORMAT = dwarf;
				DEVELOPMENT_TEAM = 858G7EEFMM;
				ENABLE_STRICT_OBJC_MSGSEND = YES;
				ENABLE_TESTABILITY = YES;
				ENABLE_USER_SCRIPT_SANDBOXING = YES;
				GCC_C_LANGUAGE_STANDARD = gnu17;
				GCC_DYNAMIC_NO_PIC = NO;
				GCC_NO_COMMON_BLOCKS = YES;
				GCC_OPTIMIZATION_LEVEL = 0;
				GCC_PREPROCESSOR_DEFINITIONS = (
					"DEBUG=1",
					"$(inherited)",
				);
				GCC_WARN_64_TO_32_BIT_CONVERSION = YES;
				GCC_WARN_ABOUT_RETURN_TYPE = YES_ERROR;
				GCC_WARN_UNDECLARED_SELECTOR = YES;
				GCC_WARN_UNINITIALIZED_AUTOS = YES_AGGRESSIVE;
				GCC_WARN_UNUSED_FUNCTION = YES;
				GCC_WARN_UNUSED_VARIABLE = YES;
				LOCALIZATION_PREFERS_STRING_CATALOGS = YES;
				MACOSX_DEPLOYMENT_TARGET = 15.4;
				MTL_ENABLE_DEBUG_INFO = INCLUDE_SOURCE;
				MTL_FAST_MATH = YES;
				ONLY_ACTIVE_ARCH = YES;
				SDKROOT = macosx;
				SWIFT_ACTIVE_COMPILATION_CONDITIONS = "DEBUG $(inherited)";
				SWIFT_EMIT_LOC_STRINGS = YES;
				SWIFT_OPTIMIZATION_LEVEL = "-Onone";
			};
			name = Debug;
		};
		A99A50612DDF3D7500AAED02 /* Release */ = {
			isa = XCBuildConfiguration;
			buildSettings = {
				ALWAYS_SEARCH_USER_PATHS = NO;
				ASSETCATALOG_COMPILER_GENERATE_SWIFT_ASSET_SYMBOL_EXTENSIONS = YES;
				CLANG_ANALYZER_NONNULL = YES;
				CLANG_ANALYZER_NUMBER_OBJECT_CONVERSION = YES_AGGRESSIVE;
				CLANG_CXX_LANGUAGE_STANDARD = "gnu++20";
				CLANG_ENABLE_MODULES = YES;
				CLANG_ENABLE_OBJC_ARC = YES;
				CLANG_ENABLE_OBJC_WEAK = YES;
				CLANG_WARN_BLOCK_CAPTURE_AUTORELEASING = YES;
				CLANG_WARN_BOOL_CONVERSION = YES;
				CLANG_WARN_COMMA = YES;
				CLANG_WARN_CONSTANT_CONVERSION = YES;
				CLANG_WARN_DEPRECATED_OBJC_IMPLEMENTATIONS = YES;
				CLANG_WARN_DIRECT_OBJC_ISA_USAGE = YES_ERROR;
				CLANG_WARN_DOCUMENTATION_COMMENTS = YES;
				CLANG_WARN_EMPTY_BODY = YES;
				CLANG_WARN_ENUM_CONVERSION = YES;
				CLANG_WARN_INFINITE_RECURSION = YES;
				CLANG_WARN_INT_CONVERSION = YES;
				CLANG_WARN_NON_LITERAL_NULL_CONVERSION = YES;
				CLANG_WARN_OBJC_IMPLICIT_RETAIN_SELF = YES;
				CLANG_WARN_OBJC_LITERAL_CONVERSION = YES;
				CLANG_WARN_OBJC_ROOT_CLASS = YES_ERROR;
				CLANG_WARN_QUOTED_INCLUDE_IN_FRAMEWORK_HEADER = YES;
				CLANG_WARN_RANGE_LOOP_ANALYSIS = YES;
				CLANG_WARN_STRICT_PROTOTYPES = YES;
				CLANG_WARN_SUSPICIOUS_MOVE = YES;
				CLANG_WARN_UNGUARDED_AVAILABILITY = YES_AGGRESSIVE;
				CLANG_WARN_UNREACHABLE_CODE = YES;
				CLANG_WARN__DUPLICATE_METHOD_MATCH = YES;
				COPY_PHASE_STRIP = NO;
				DEAD_CODE_STRIPPING = YES;
				DEBUG_INFORMATION_FORMAT = "dwarf-with-dsym";
				DEVELOPMENT_TEAM = 858G7EEFMM;
				ENABLE_NS_ASSERTIONS = NO;
				ENABLE_STRICT_OBJC_MSGSEND = YES;
				ENABLE_USER_SCRIPT_SANDBOXING = YES;
				GCC_C_LANGUAGE_STANDARD = gnu17;
				GCC_NO_COMMON_BLOCKS = YES;
				GCC_WARN_64_TO_32_BIT_CONVERSION = YES;
				GCC_WARN_ABOUT_RETURN_TYPE = YES_ERROR;
				GCC_WARN_UNDECLARED_SELECTOR = YES;
				GCC_WARN_UNINITIALIZED_AUTOS = YES_AGGRESSIVE;
				GCC_WARN_UNUSED_FUNCTION = YES;
				GCC_WARN_UNUSED_VARIABLE = YES;
				LOCALIZATION_PREFERS_STRING_CATALOGS = YES;
				MACOSX_DEPLOYMENT_TARGET = 15.4;
				MTL_ENABLE_DEBUG_INFO = NO;
				MTL_FAST_MATH = YES;
				SDKROOT = macosx;
				SWIFT_COMPILATION_MODE = wholemodule;
				SWIFT_EMIT_LOC_STRINGS = YES;
			};
			name = Release;
		};
		A99A50632DDF3D7500AAED02 /* Debug */ = {
			isa = XCBuildConfiguration;
			buildSettings = {
				ASSETCATALOG_COMPILER_APPICON_NAME = AppIcon;
				ASSETCATALOG_COMPILER_GLOBAL_ACCENT_COLOR_NAME = AccentColor;
				CODE_SIGN_ENTITLEMENTS = ClipTimer/ClipTimer.entitlements;
				CODE_SIGN_STYLE = Automatic;
				COMBINE_HIDPI_IMAGES = YES;
				CURRENT_PROJECT_VERSION = 13;
				DEAD_CODE_STRIPPING = YES;
				DEVELOPMENT_TEAM = 858G7EEFMM;
				ENABLE_HARDENED_RUNTIME = YES;
				ENABLE_PREVIEWS = YES;
				GENERATE_INFOPLIST_FILE = YES;
				INFOPLIST_FILE = ClipTimer/Info.plist;
				INFOPLIST_KEY_CFBundleDisplayName = ClipTimer;
				INFOPLIST_KEY_LSApplicationCategoryType = "public.app-category.utilities";
				INFOPLIST_KEY_NSHumanReadableCopyright = "© 2025 Domingo Gallardo";
				LD_RUNPATH_SEARCH_PATHS = (
					"$(inherited)",
					"@executable_path/../Frameworks",
				);
				MACOSX_DEPLOYMENT_TARGET = 14.1;
				MARKETING_VERSION = 1.2.3;
				PRODUCT_BUNDLE_IDENTIFIER = domingogallardo.ClipTimer;
				PRODUCT_NAME = "$(TARGET_NAME)";
				REGISTER_APP_GROUPS = YES;
				SWIFT_EMIT_LOC_STRINGS = YES;
				SWIFT_VERSION = 5.0;
			};
			name = Debug;
		};
		A99A50642DDF3D7500AAED02 /* Release */ = {
			isa = XCBuildConfiguration;
			buildSettings = {
				ASSETCATALOG_COMPILER_APPICON_NAME = AppIcon;
				ASSETCATALOG_COMPILER_GLOBAL_ACCENT_COLOR_NAME = AccentColor;
				CODE_SIGN_ENTITLEMENTS = ClipTimer/ClipTimer.entitlements;
				CODE_SIGN_STYLE = Automatic;
				COMBINE_HIDPI_IMAGES = YES;
				CURRENT_PROJECT_VERSION = 13;
				DEAD_CODE_STRIPPING = YES;
				DEVELOPMENT_TEAM = 858G7EEFMM;
				ENABLE_HARDENED_RUNTIME = YES;
				ENABLE_PREVIEWS = YES;
				GENERATE_INFOPLIST_FILE = YES;
				INFOPLIST_FILE = ClipTimer/Info.plist;
				INFOPLIST_KEY_CFBundleDisplayName = ClipTimer;
				INFOPLIST_KEY_LSApplicationCategoryType = "public.app-category.utilities";
				INFOPLIST_KEY_NSHumanReadableCopyright = "© 2025 Domingo Gallardo";
				LD_RUNPATH_SEARCH_PATHS = (
					"$(inherited)",
					"@executable_path/../Frameworks",
				);
				MACOSX_DEPLOYMENT_TARGET = 14.1;
				MARKETING_VERSION = 1.2.3;
				PRODUCT_BUNDLE_IDENTIFIER = domingogallardo.ClipTimer;
				PRODUCT_NAME = "$(TARGET_NAME)";
				REGISTER_APP_GROUPS = YES;
				SWIFT_EMIT_LOC_STRINGS = YES;
				SWIFT_VERSION = 5.0;
			};
			name = Release;
		};
		A9CTESTS12345678901234580 /* Debug */ = {
			isa = XCBuildConfiguration;
			buildSettings = {
				BUNDLE_LOADER = "$(TEST_HOST)";
				CODE_SIGN_STYLE = Automatic;
				CURRENT_PROJECT_VERSION = 6;
				DEAD_CODE_STRIPPING = YES;
				DEVELOPMENT_TEAM = 858G7EEFMM;
				GENERATE_INFOPLIST_FILE = YES;
				MACOSX_DEPLOYMENT_TARGET = 14.1;
				MARKETING_VERSION = 1.0.2;
				PRODUCT_BUNDLE_IDENTIFIER = domingogallardo.ClipTimerTests;
				PRODUCT_NAME = "$(TARGET_NAME)";
				SWIFT_EMIT_LOC_STRINGS = NO;
				SWIFT_VERSION = 5.0;
				TEST_HOST = "$(BUILT_PRODUCTS_DIR)/ClipTimer.app/$(BUNDLE_EXECUTABLE_FOLDER_PATH)/ClipTimer";
			};
			name = Debug;
		};
		A9CTESTS12345678901234581 /* Release */ = {
			isa = XCBuildConfiguration;
			buildSettings = {
				BUNDLE_LOADER = "$(TEST_HOST)";
				CODE_SIGN_STYLE = Automatic;
				CURRENT_PROJECT_VERSION = 6;
				DEAD_CODE_STRIPPING = YES;
				DEVELOPMENT_TEAM = 858G7EEFMM;
				GENERATE_INFOPLIST_FILE = YES;
				MACOSX_DEPLOYMENT_TARGET = 14.1;
				MARKETING_VERSION = 1.0.2;
				PRODUCT_BUNDLE_IDENTIFIER = domingogallardo.ClipTimerTests;
				PRODUCT_NAME = "$(TARGET_NAME)";
				SWIFT_EMIT_LOC_STRINGS = NO;
				SWIFT_VERSION = 5.0;
				TEST_HOST = "$(BUILT_PRODUCTS_DIR)/ClipTimer.app/$(BUNDLE_EXECUTABLE_FOLDER_PATH)/ClipTimer";
			};
			name = Release;
		};
/* End XCBuildConfiguration section */

/* Begin XCConfigurationList section */
		A99A50512DDF3D7300AAED02 /* Build configuration list for PBXProject "ClipTimer" */ = {
			isa = XCConfigurationList;
			buildConfigurations = (
				A99A50602DDF3D7500AAED02 /* Debug */,
				A99A50612DDF3D7500AAED02 /* Release */,
			);
			defaultConfigurationIsVisible = 0;
			defaultConfigurationName = Release;
		};
		A99A50622DDF3D7500AAED02 /* Build configuration list for PBXNativeTarget "ClipTimer" */ = {
			isa = XCConfigurationList;
			buildConfigurations = (
				A99A50632DDF3D7500AAED02 /* Debug */,
				A99A50642DDF3D7500AAED02 /* Release */,
			);
			defaultConfigurationIsVisible = 0;
			defaultConfigurationName = Release;
		};
		A9CTESTS12345678901234576 /* Build configuration list for PBXNativeTarget "ClipTimerTests" */ = {
			isa = XCConfigurationList;
			buildConfigurations = (
				A9CTESTS12345678901234580 /* Debug */,
				A9CTESTS12345678901234581 /* Release */,
			);
			defaultConfigurationIsVisible = 0;
			defaultConfigurationName = Release;
		};
/* End XCConfigurationList section */
	};
	rootObject = A99A504E2DDF3D7300AAED02 /* Project object */;
}
